
Microsoft Visual Studio Solution File, Format Version 12.00
# Visual Studio Version 16
VisualStudioVersion = 16.0.33214.272
MinimumVisualStudioVersion = 10.0.40219.1
Project("{9A19103F-16F7-4668-BE54-9A1E7A4F7556}") = "Mission09_clhwang", "Mission09_clhwang\Mission09_clhwang.csproj", "{71E8928C-4506-4C6D-811B-26428E126808}"
EndProject
Global
	GlobalSection(SolutionConfigurationPlatforms) = preSolution
		Debug|Any CPU = Debug|Any CPU
		Release|Any CPU = Release|Any CPU
	EndGlobalSection
	GlobalSection(ProjectConfigurationPlatforms) = postSolution
		{71E8928C-4506-4C6D-811B-26428E126808}.Debug|Any CPU.ActiveCfg = Debug|Any CPU
		{71E8928C-4506-4C6D-811B-26428E126808}.Debug|Any CPU.Build.0 = Debug|Any CPU
		{71E8928C-4506-4C6D-811B-26428E126808}.Release|Any CPU.ActiveCfg = Release|Any CPU
		{71E8928C-4506-4C6D-811B-26428E126808}.Release|Any CPU.Build.0 = Release|Any CPU
	EndGlobalSection
	GlobalSection(SolutionProperties) = preSolution
		HideSolutionNode = FALSE
	EndGlobalSection
	GlobalSection(ExtensibilityGlobals) = postSolution
		SolutionGuid = {55DDD04B-2E79-4271-B83D-719F0EA655C3}
	EndGlobalSection
EndGlobal
